// !$*UTF8*$!
{
	archiveVersion = 1;
	classes = {
	};
	objectVersion = 55;
	objects = {

/* Begin PBXBuildFile section */
		01D067F127F350B800CF0852 /* DetailsViewController.swift in Sources */ = {isa = PBXBuildFile; fileRef = 01D067F027F350B800CF0852 /* DetailsViewController.swift */; };
		01DAC57B27F34AEA0069E3CE /* AppDelegate.swift in Sources */ = {isa = PBXBuildFile; fileRef = 01DAC57A27F34AEA0069E3CE /* AppDelegate.swift */; };
		01DAC57D27F34AEA0069E3CE /* SceneDelegate.swift in Sources */ = {isa = PBXBuildFile; fileRef = 01DAC57C27F34AEA0069E3CE /* SceneDelegate.swift */; };
		01DAC57F27F34AEA0069E3CE /* ViewController.swift in Sources */ = {isa = PBXBuildFile; fileRef = 01DAC57E27F34AEA0069E3CE /* ViewController.swift */; };
		01DAC58227F34AEA0069E3CE /* Main.storyboard in Resources */ = {isa = PBXBuildFile; fileRef = 01DAC58027F34AEA0069E3CE /* Main.storyboard */; };
		01DAC58527F34AEA0069E3CE /* MyFavoriteList.xcdatamodeld in Sources */ = {isa = PBXBuildFile; fileRef = 01DAC58327F34AEA0069E3CE /* MyFavoriteList.xcdatamodeld */; };
		01DAC58727F34AEB0069E3CE /* Assets.xcassets in Resources */ = {isa = PBXBuildFile; fileRef = 01DAC58627F34AEB0069E3CE /* Assets.xcassets */; };
		01DAC58A27F34AEB0069E3CE /* LaunchScreen.storyboard in Resources */ = {isa = PBXBuildFile; fileRef = 01DAC58827F34AEB0069E3CE /* LaunchScreen.storyboard */; };
/* End PBXBuildFile section */

/* Begin PBXFileReference section */
		01D067F027F350B800CF0852 /* DetailsViewController.swift */ = {isa = PBXFileReference; lastKnownFileType = sourcecode.swift; path = DetailsViewController.swift; sourceTree = "<group>"; };
		01DAC57727F34AEA0069E3CE /* MyFavoriteList.app */ = {isa = PBXFileReference; explicitFileType = wrapper.application; includeInIndex = 0; path = MyFavoriteList.app; sourceTree = BUILT_PRODUCTS_DIR; };
		01DAC57A27F34AEA0069E3CE /* AppDelegate.swift */ = {isa = PBXFileReference; lastKnownFileType = sourcecode.swift; path = AppDelegate.swift; sourceTree = "<group>"; };
		01DAC57C27F34AEA0069E3CE /* SceneDelegate.swift */ = {isa = PBXFileReference; lastKnownFileType = sourcecode.swift; path = SceneDelegate.swift; sourceTree = "<group>"; };
		01DAC57E27F34AEA0069E3CE /* ViewController.swift */ = {isa = PBXFileReference; lastKnownFileType = sourcecode.swift; path = ViewController.swift; sourceTree = "<group>"; };
		01DAC58127F34AEA0069E3CE /* Base */ = {isa = PBXFileReference; lastKnownFileType = file.storyboard; name = Base; path = Base.lproj/Main.storyboard; sourceTree = "<group>"; };
		01DAC58427F34AEA0069E3CE /* MyFavoriteList.xcdatamodel */ = {isa = PBXFileReference; lastKnownFileType = wrapper.xcdatamodel; path = MyFavoriteList.xcdatamodel; sourceTree = "<group>"; };
		01DAC58627F34AEB0069E3CE /* Assets.xcassets */ = {isa = PBXFileReference; lastKnownFileType = folder.assetcatalog; path = Assets.xcassets; sourceTree = "<group>"; };
		01DAC58927F34AEB0069E3CE /* Base */ = {isa = PBXFileReference; lastKnownFileType = file.storyboard; name = Base; path = Base.lproj/LaunchScreen.storyboard; sourceTree = "<group>"; };
		01DAC58B27F34AEB0069E3CE /* Info.plist */ = {isa = PBXFileReference; lastKnownFileType = text.plist.xml; path = Info.plist; sourceTree = "<group>"; };
/* End PBXFileReference section */

/* Begin PBXFrameworksBuildPhase section */
		01DAC57427F34AEA0069E3CE /* Frameworks */ = {
			isa = PBXFrameworksBuildPhase;
			buildActionMask = 2147483647;
			files = (
			);
			runOnlyForDeploymentPostprocessing = 0;
		};
/* End PBXFrameworksBuildPhase section */

/* Begin PBXGroup section */
		01DAC56E27F34AEA0069E3CE = {
			isa = PBXGroup;
			children = (
				01DAC57927F34AEA0069E3CE /* MyFavoriteList */,
				01DAC57827F34AEA0069E3CE /* Products */,
			);
			sourceTree = "<group>";
		};
		01DAC57827F34AEA0069E3CE /* Products */ = {
			isa = PBXGroup;
			children = (
				01DAC57727F34AEA0069E3CE /* MyFavoriteList.app */,
			);
			name = Products;
			sourceTree = "<group>";
		};
		01DAC57927F34AEA0069E3CE /* MyFavoriteList */ = {
			isa = PBXGroup;
			children = (
				01DAC57A27F34AEA0069E3CE /* AppDelegate.swift */,
				01DAC57C27F34AEA0069E3CE /* SceneDelegate.swift */,
				01DAC57E27F34AEA0069E3CE /* ViewController.swift */,
				01D067F027F350B800CF0852 /* DetailsViewController.swift */,
				01DAC58027F34AEA0069E3CE /* Main.storyboard */,
				01DAC58627F34AEB0069E3CE /* Assets.xcassets */,
				01DAC58827F34AEB0069E3CE /* LaunchScreen.storyboard */,
				01DAC58B27F34AEB0069E3CE /* Info.plist */,
				01DAC58327F34AEA0069E3CE /* MyFavoriteList.xcdatamodeld */,
			);
			path = MyFavoriteList;
			sourceTree = "<group>";
		};
/* End PBXGroup section */

/* Begin PBXNativeTarget section */
		01DAC57627F34AEA0069E3CE /* MyFavoriteList */ = {
			isa = PBXNativeTarget;
			buildConfigurationList = 01DAC58E27F34AEB0069E3CE /* Build configuration list for PBXNativeTarget "MyFavoriteList" */;
			buildPhases = (
				01DAC57327F34AEA0069E3CE /* Sources */,
				01DAC57427F34AEA0069E3CE /* Frameworks */,
				01DAC57527F34AEA0069E3CE /* Resources */,
			);
			buildRules = (
			);
			dependencies = (
			);
			name = MyFavoriteList;
			productName = MyFavoriteList;
			productReference = 01DAC57727F34AEA0069E3CE /* MyFavoriteList.app */;
			productType = "com.apple.product-type.application";
		};
/* End PBXNativeTarget section */

/* Begin PBXProject section */
		01DAC56F27F34AEA0069E3CE /* Project object */ = {
			isa = PBXProject;
			attributes = {
				BuildIndependentTargetsInParallel = 1;
				LastSwiftUpdateCheck = 1330;
				LastUpgradeCheck = 1330;
				TargetAttributes = {
					01DAC57627F34AEA0069E3CE = {
						CreatedOnToolsVersion = 13.3;
					};
				};
			};
			buildConfigurationList = 01DAC57227F34AEA0069E3CE /* Build configuration list for PBXProject "MyFavoriteList" */;
			compatibilityVersion = "Xcode 13.0";
			developmentRegion = en;
			hasScannedForEncodings = 0;
			knownRegions = (
				en,
				Base,
			);
			mainGroup = 01DAC56E27F34AEA0069E3CE;
			productRefGroup = 01DAC57827F34AEA0069E3CE /* Products */;
			projectDirPath = "";
			projectRoot = "";
			targets = (
				01DAC57627F34AEA0069E3CE /* MyFavoriteList */,
			);
		};
/* End PBXProject section */

/* Begin PBXResourcesBuildPhase section */
		01DAC57527F34AEA0069E3CE /* Resources */ = {
			isa = PBXResourcesBuildPhase;
			buildActionMask = 2147483647;
			files = (
				01DAC58A27F34AEB0069E3CE /* LaunchScreen.storyboard in Resources */,
				01DAC58727F34AEB0069E3CE /* Assets.xcassets in Resources */,
				01DAC58227F34AEA0069E3CE /* Main.storyboard in Resources */,
			);
			runOnlyForDeploymentPostprocessing = 0;
		};
/* End PBXResourcesBuildPhase section */

/* Begin PBXSourcesBuildPhase section */
		01DAC57327F34AEA0069E3CE /* Sources */ = {
			isa = PBXSourcesBuildPhase;
			buildActionMask = 2147483647;
			files = (
				01DAC57F27F34AEA0069E3CE /* ViewController.swift in Sources */,
				01DAC58527F34AEA0069E3CE /* MyFavoriteList.xcdatamodeld in Sources */,
				01DAC57B27F34AEA0069E3CE /* AppDelegate.swift in Sources */,
				01DAC57D27F34AEA0069E3CE /* SceneDelegate.swift in Sources */,
				01D067F127F350B800CF0852 /* DetailsViewController.swift in Sources */,
			);
			runOnlyForDeploymentPostprocessing = 0;
		};
/* End PBXSourcesBuildPhase section */

/* Begin PBXVariantGroup section */
		01DAC58027F34AEA0069E3CE /* Main.storyboard */ = {
			isa = PBXVariantGroup;
			children = (
				01DAC58127F34AEA0069E3CE /* Base */,
			);
			name = Main.storyboard;
			sourceTree = "<group>";
		};
		01DAC58827F34AEB0069E3CE /* LaunchScreen.storyboard */ = {
			isa = PBXVariantGroup;
			children = (
				01DAC58927F34AEB0069E3CE /* Base */,
			);
			name = LaunchScreen.storyboard;
			sourceTree = "<group>";
		};
/* End PBXVariantGroup section */

/* Begin XCBuildConfiguration section */
		01DAC58C27F34AEB0069E3CE /* Debug */ = {
			isa = XCBuildConfiguration;
			buildSettings = {
				ALWAYS_SEARCH_USER_PATHS = NO;
				CLANG_ANALYZER_NONNULL = YES;
				CLANG_ANALYZER_NUMBER_OBJECT_CONVERSION = YES_AGGRESSIVE;
				CLANG_CXX_LANGUAGE_STANDARD = "gnu++17";
				CLANG_ENABLE_MODULES = YES;
				CLANG_ENABLE_OBJC_ARC = YES;
				CLANG_ENABLE_OBJC_WEAK = YES;
				CLANG_WARN_BLOCK_CAPTURE_AUTORELEASING = YES;
				CLANG_WARN_BOOL_CONVERSION = YES;
				CLANG_WARN_COMMA = YES;
				CLANG_WARN_CONSTANT_CONVERSION = YES;
				CLANG_WARN_DEPRECATED_OBJC_IMPLEMENTATIONS = YES;
				CLANG_WARN_DIRECT_OBJC_ISA_USAGE = YES_ERROR;
				CLANG_WARN_DOCUMENTATION_COMMENTS = YES;
				CLANG_WARN_EMPTY_BODY = YES;
				CLANG_WARN_ENUM_CONVERSION = YES;
				CLANG_WARN_INFINITE_RECURSION = YES;
				CLANG_WARN_INT_CONVERSION = YES;
				CLANG_WARN_NON_LITERAL_NULL_CONVERSION = YES;
				CLANG_WARN_OBJC_IMPLICIT_RETAIN_SELF = YES;
				CLANG_WARN_OBJC_LITERAL_CONVERSION = YES;
				CLANG_WARN_OBJC_ROOT_CLASS = YES_ERROR;
				CLANG_WARN_QUOTED_INCLUDE_IN_FRAMEWORK_HEADER = YES;
				CLANG_WARN_RANGE_LOOP_ANALYSIS = YES;
				CLANG_WARN_STRICT_PROTOTYPES = YES;
				CLANG_WARN_SUSPICIOUS_MOVE = YES;
				CLANG_WARN_UNGUARDED_AVAILABILITY = YES_AGGRESSIVE;
				CLANG_WARN_UNREACHABLE_CODE = YES;
				CLANG_WARN__DUPLICATE_METHOD_MATCH = YES;
				COPY_PHASE_STRIP = NO;
				DEBUG_INFORMATION_FORMAT = dwarf;
				ENABLE_STRICT_OBJC_MSGSEND = YES;
				ENABLE_TESTABILITY = YES;
				GCC_C_LANGUAGE_STANDARD = gnu11;
				GCC_DYNAMIC_NO_PIC = NO;
				GCC_NO_COMMON_BLOCKS = YES;
				GCC_OPTIMIZATION_LEVEL = 0;
				GCC_PREPROCESSOR_DEFINITIONS = (
					"DEBUG=1",
					"$(inherited)",
				);
				GCC_WARN_64_TO_32_BIT_CONVERSION = YES;
				GCC_WARN_ABOUT_RETURN_TYPE = YES_ERROR;
				GCC_WARN_UNDECLARED_SELECTOR = YES;
				GCC_WARN_UNINITIALIZED_AUTOS = YES_AGGRESSIVE;
				GCC_WARN_UNUSED_FUNCTION = YES;
				GCC_WARN_UNUSED_VARIABLE = YES;
				IPHONEOS_DEPLOYMENT_TARGET = 15.4;
				MTL_ENABLE_DEBUG_INFO = INCLUDE_SOURCE;
				MTL_FAST_MATH = YES;
				ONLY_ACTIVE_ARCH = YES;
				SDKROOT = iphoneos;
				SWIFT_ACTIVE_COMPILATION_CONDITIONS = DEBUG;
				SWIFT_OPTIMIZATION_LEVEL = "-Onone";
			};
			name = Debug;
		};
		01DAC58D27F34AEB0069E3CE /* Release */ = {
			isa = XCBuildConfiguration;
			buildSettings = {
				ALWAYS_SEARCH_USER_PATHS = NO;
				CLANG_ANALYZER_NONNULL = YES;
				CLANG_ANALYZER_NUMBER_OBJECT_CONVERSION = YES_AGGRESSIVE;
				CLANG_CXX_LANGUAGE_STANDARD = "gnu++17";
				CLANG_ENABLE_MODULES = YES;
				CLANG_ENABLE_OBJC_ARC = YES;
				CLANG_ENABLE_OBJC_WEAK = YES;
				CLANG_WARN_BLOCK_CAPTURE_AUTORELEASING = YES;
				CLANG_WARN_BOOL_CONVERSION = YES;
				CLANG_WARN_COMMA = YES;
				CLANG_WARN_CONSTANT_CONVERSION = YES;
				CLANG_WARN_DEPRECATED_OBJC_IMPLEMENTATIONS = YES;
				CLANG_WARN_DIRECT_OBJC_ISA_USAGE = YES_ERROR;
				CLANG_WARN_DOCUMENTATION_COMMENTS = YES;
				CLANG_WARN_EMPTY_BODY = YES;
				CLANG_WARN_ENUM_CONVERSION = YES;
				CLANG_WARN_INFINITE_RECURSION = YES;
				CLANG_WARN_INT_CONVERSION = YES;
				CLANG_WARN_NON_LITERAL_NULL_CONVERSION = YES;
				CLANG_WARN_OBJC_IMPLICIT_RETAIN_SELF = YES;
				CLANG_WARN_OBJC_LITERAL_CONVERSION = YES;
				CLANG_WARN_OBJC_ROOT_CLASS = YES_ERROR;
				CLANG_WARN_QUOTED_INCLUDE_IN_FRAMEWORK_HEADER = YES;
				CLANG_WARN_RANGE_LOOP_ANALYSIS = YES;
				CLANG_WARN_STRICT_PROTOTYPES = YES;
				CLANG_WARN_SUSPICIOUS_MOVE = YES;
				CLANG_WARN_UNGUARDED_AVAILABILITY = YES_AGGRESSIVE;
				CLANG_WARN_UNREACHABLE_CODE = YES;
				CLANG_WARN__DUPLICATE_METHOD_MATCH = YES;
				COPY_PHASE_STRIP = NO;
				DEBUG_INFORMATION_FORMAT = "dwarf-with-dsym";
				ENABLE_NS_ASSERTIONS = NO;
				ENABLE_STRICT_OBJC_MSGSEND = YES;
				GCC_C_LANGUAGE_STANDARD = gnu11;
				GCC_NO_COMMON_BLOCKS = YES;
				GCC_WARN_64_TO_32_BIT_CONVERSION = YES;
				GCC_WARN_ABOUT_RETURN_TYPE = YES_ERROR;
				GCC_WARN_UNDECLARED_SELECTOR = YES;
				GCC_WARN_UNINITIALIZED_AUTOS = YES_AGGRESSIVE;
				GCC_WARN_UNUSED_FUNCTION = YES;
				GCC_WARN_UNUSED_VARIABLE = YES;
				IPHONEOS_DEPLOYMENT_TARGET = 15.4;
				MTL_ENABLE_DEBUG_INFO = NO;
				MTL_FAST_MATH = YES;
				SDKROOT = iphoneos;
				SWIFT_COMPILATION_MODE = wholemodule;
				SWIFT_OPTIMIZATION_LEVEL = "-O";
				VALIDATE_PRODUCT = YES;
			};
			name = Release;
		};
		01DAC58F27F34AEB0069E3CE /* Debug */ = {
			isa = XCBuildConfiguration;
			buildSettings = {
				ASSETCATALOG_COMPILER_APPICON_NAME = AppIcon;
				ASSETCATALOG_COMPILER_GLOBAL_ACCENT_COLOR_NAME = AccentColor;
				CODE_SIGN_STYLE = Automatic;
				CURRENT_PROJECT_VERSION = 1;
				DEVELOPMENT_TEAM = XSY7H53P5K;
				GENERATE_INFOPLIST_FILE = YES;
				INFOPLIST_FILE = MyFavoriteList/Info.plist;
				INFOPLIST_KEY_UIApplicationSupportsIndirectInputEvents = YES;
				INFOPLIST_KEY_UILaunchStoryboardName = LaunchScreen;
				INFOPLIST_KEY_UIMainStoryboardFile = Main;
				INFOPLIST_KEY_UISupportedInterfaceOrientations_iPad = "UIInterfaceOrientationPortrait UIInterfaceOrientationPortraitUpsideDown UIInterfaceOrientationLandscapeLeft UIInterfaceOrientationLandscapeRight";
				INFOPLIST_KEY_UISupportedInterfaceOrientations_iPhone = "UIInterfaceOrientationPortrait UIInterfaceOrientationLandscapeLeft UIInterfaceOrientationLandscapeRight";
				LD_RUNPATH_SEARCH_PATHS = (
					"$(inherited)",
					"@executable_path/Frameworks",
				);
				MARKETING_VERSION = 1.0;
				PRODUCT_BUNDLE_IDENTIFIER = CanerCagri.MyFavoriteList;
				PRODUCT_NAME = "$(TARGET_NAME)";
				SWIFT_EMIT_LOC_STRINGS = YES;
				SWIFT_VERSION = 5.0;
				TARGETED_DEVICE_FAMILY = "1,2";
			};
			name = Debug;
		};
		01DAC59027F34AEB0069E3CE /* Release */ = {
			isa = XCBuildConfiguration;
			buildSettings = {
				ASSETCATALOG_COMPILER_APPICON_NAME = AppIcon;
				ASSETCATALOG_COMPILER_GLOBAL_ACCENT_COLOR_NAME = AccentColor;
				CODE_SIGN_STYLE = Automatic;
				CURRENT_PROJECT_VERSION = 1;
				DEVELOPMENT_TEAM = XSY7H53P5K;
				GENERATE_INFOPLIST_FILE = YES;
				INFOPLIST_FILE = MyFavoriteList/Info.plist;
				INFOPLIST_KEY_UIApplicationSupportsIndirectInputEvents = YES;
				INFOPLIST_KEY_UILaunchStoryboardName = LaunchScreen;
				INFOPLIST_KEY_UIMainStoryboardFile = Main;
				INFOPLIST_KEY_UISupportedInterfaceOrientations_iPad = "UIInterfaceOrientationPortrait UIInterfaceOrientationPortraitUpsideDown UIInterfaceOrientationLandscapeLeft UIInterfaceOrientationLandscapeRight";
				INFOPLIST_KEY_UISupportedInterfaceOrientations_iPhone = "UIInterfaceOrientationPortrait UIInterfaceOrientationLandscapeLeft UIInterfaceOrientationLandscapeRight";
				LD_RUNPATH_SEARCH_PATHS = (
					"$(inherited)",
					"@executable_path/Frameworks",
				);
				MARKETING_VERSION = 1.0;
				PRODUCT_BUNDLE_IDENTIFIER = CanerCagri.MyFavoriteList;
				PRODUCT_NAME = "$(TARGET_NAME)";
				SWIFT_EMIT_LOC_STRINGS = YES;
				SWIFT_VERSION = 5.0;
				TARGETED_DEVICE_FAMILY = "1,2";
			};
			name = Release;
		};
/* End XCBuildConfiguration section */

/* Begin XCConfigurationList section */
		01DAC57227F34AEA0069E3CE /* Build configuration list for PBXProject "MyFavoriteList" */ = {
			isa = XCConfigurationList;
			buildConfigurations = (
				01DAC58C27F34AEB0069E3CE /* Debug */,
				01DAC58D27F34AEB0069E3CE /* Release */,
			);
			defaultConfigurationIsVisible = 0;
			defaultConfigurationName = Release;
		};
		01DAC58E27F34AEB0069E3CE /* Build configuration list for PBXNativeTarget "MyFavoriteList" */ = {
			isa = XCConfigurationList;
			buildConfigurations = (
				01DAC58F27F34AEB0069E3CE /* Debug */,
				01DAC59027F34AEB0069E3CE /* Release */,
			);
			defaultConfigurationIsVisible = 0;
			defaultConfigurationName = Release;
		};
/* End XCConfigurationList section */

/* Begin XCVersionGroup section */
		01DAC58327F34AEA0069E3CE /* MyFavoriteList.xcdatamodeld */ = {
			isa = XCVersionGroup;
			children = (
				01DAC58427F34AEA0069E3CE /* MyFavoriteList.xcdatamodel */,
			);
			currentVersion = 01DAC58427F34AEA0069E3CE /* MyFavoriteList.xcdatamodel */;
			path = MyFavoriteList.xcdatamodeld;
			sourceTree = "<group>";
			versionGroupType = wrapper.xcdatamodel;
		};
/* End XCVersionGroup section */
	};
	rootObject = 01DAC56F27F34AEA0069E3CE /* Project object */;
}
